
Microsoft Visual Studio Solution File, Format Version 12.00
# Visual Studio 15
Project("{FAE04EC0-301F-11D3-BF4B-00C04F79EFBC}") = "CSharpRxConsole", "CSharpRxConsole.csproj", "{654A87B4-30EB-4688-8957-075EE51BCEF0}"
EndProject
Global
	GlobalSection(SolutionConfigurationPlatforms) = preSolution
		Debug|Any CPU = Debug|Any CPU
		Release|Any CPU = Release|Any CPU
	EndGlobalSection
	GlobalSection(ProjectConfigurationPlatforms) = postSolution
		{654A87B4-30EB-4688-8957-075EE51BCEF0}.Debug|Any CPU.ActiveCfg = Debug|Any CPU
		{654A87B4-30EB-4688-8957-075EE51BCEF0}.Debug|Any CPU.Build.0 = Debug|Any CPU
		{654A87B4-30EB-4688-8957-075EE51BCEF0}.Release|Any CPU.ActiveCfg = Release|Any CPU
		{654A87B4-30EB-4688-8957-075EE51BCEF0}.Release|Any CPU.Build.0 = Release|Any CPU
	EndGlobalSection
EndGlobal
